
Microsoft Visual Studio Solution File, Format Version 12.00
# Visual Studio 15
VisualStudioVersion = 15.0.28307.1831
MinimumVisualStudioVersion = 10.0.40219.1
Project("{8BC9CEB8-8B4A-11D0-8D11-00A0C91BC942}") = "Arrays224", "Arrays224\Arrays224.vcxproj", "{D70D3734-4327-46DA-953F-969370480D5F}"
EndProject
Project("{8BC9CEB8-8B4A-11D0-8D11-00A0C91BC942}") = "Shift", "Shift\Shift.vcxproj", "{3B858A75-9A7F-42C7-8574-ACAFD3EF9357}"
EndProject
Project("{8BC9CEB8-8B4A-11D0-8D11-00A0C91BC942}") = "Random", "Random\Random.vcxproj", "{878AB1B6-8937-4381-9B0F-515C6BD0B5A8}"
EndProject
Project("{8BC9CEB8-8B4A-11D0-8D11-00A0C91BC942}") = "UniqueRandom", "UniqueRandom\UniqueRandom.vcxproj", "{23EFDB2F-BA6B-4AFF-83EB-39B639BD5AA1}"
EndProject
Project("{8BC9CEB8-8B4A-11D0-8D11-00A0C91BC942}") = "Sort", "Sort\Sort.vcxproj", "{AE49112D-1314-4077-9FF2-1D3DA407E76F}"
EndProject
Project("{8BC9CEB8-8B4A-11D0-8D11-00A0C91BC942}") = "Numerics", "Numerics\Numerics.vcxproj", "{FF4488B6-57B0-4994-81D3-1A4D9C8A34DD}"
EndProject
Project("{8BC9CEB8-8B4A-11D0-8D11-00A0C91BC942}") = "Reperts", "Reperts\Reperts.vcxproj", "{B8A9EA47-57DE-462A-8EEC-F9CB634F10BC}"
EndProject
Project("{8BC9CEB8-8B4A-11D0-8D11-00A0C91BC942}") = "2D", "2D\2D.vcxproj", "{5A3877A5-F815-4566-9EA0-7264E5C912FE}"
EndProject
Project("{8BC9CEB8-8B4A-11D0-8D11-00A0C91BC942}") = "Function", "Function\Function.vcxproj", "{6D0A67D0-5160-4952-9C5F-336D44D19E56}"
EndProject
Project("{8BC9CEB8-8B4A-11D0-8D11-00A0C91BC942}") = "FunctionArrays224", "FunctionArrays224\FunctionArrays224.vcxproj", "{C7A15490-B9AC-4607-90C8-2C45BF6EEFC1}"
EndProject
Project("{8BC9CEB8-8B4A-11D0-8D11-00A0C91BC942}") = "ForwardList", "DataContainers\DataContainers.vcxproj", "{27D81732-33C6-4297-8DFF-98E90B58FACA}"
EndProject
Project("{8BC9CEB8-8B4A-11D0-8D11-00A0C91BC942}") = "Pointers", "Pointers\Pointers.vcxproj", "{B7E11A94-CAA5-4CC5-8A0C-066B3CD22873}"
EndProject
Project("{8BC9CEB8-8B4A-11D0-8D11-00A0C91BC942}") = "TransferParameters", "TransferParameters\TransferParameters.vcxproj", "{5644AAE8-5D90-4D1B-86A2-7BEAF7363F0D}"
EndProject
Project("{8BC9CEB8-8B4A-11D0-8D11-00A0C91BC942}") = "Reference", "Reference\Reference.vcxproj", "{D9390B33-A388-4DF7-ADFC-57F99F9C50AB}"
EndProject
Project("{8BC9CEB8-8B4A-11D0-8D11-00A0C91BC942}") = "DinamicMemory", "DinamicMemory\DinamicMemory.vcxproj", "{40781ECA-027A-4CD9-9DEB-B5CF9B7EAFA5}"
EndProject
Project("{8BC9CEB8-8B4A-11D0-8D11-00A0C91BC942}") = "Split", "Split\Split.vcxproj", "{BECC77A9-37B1-4C52-9427-EC9EC79272FE}"
EndProject
Global
	GlobalSection(SolutionConfigurationPlatforms) = preSolution
		Debug|x64 = Debug|x64
		Debug|x86 = Debug|x86
		Release|x64 = Release|x64
		Release|x86 = Release|x86
	EndGlobalSection
	GlobalSection(ProjectConfigurationPlatforms) = postSolution
		{D70D3734-4327-46DA-953F-969370480D5F}.Debug|x64.ActiveCfg = Debug|x64
		{D70D3734-4327-46DA-953F-969370480D5F}.Debug|x64.Build.0 = Debug|x64
		{D70D3734-4327-46DA-953F-969370480D5F}.Debug|x86.ActiveCfg = Debug|Win32
		{D70D3734-4327-46DA-953F-969370480D5F}.Debug|x86.Build.0 = Debug|Win32
		{D70D3734-4327-46DA-953F-969370480D5F}.Release|x64.ActiveCfg = Release|x64
		{D70D3734-4327-46DA-953F-969370480D5F}.Release|x64.Build.0 = Release|x64
		{D70D3734-4327-46DA-953F-969370480D5F}.Release|x86.ActiveCfg = Release|Win32
		{D70D3734-4327-46DA-953F-969370480D5F}.Release|x86.Build.0 = Release|Win32
		{3B858A75-9A7F-42C7-8574-ACAFD3EF9357}.Debug|x64.ActiveCfg = Debug|x64
		{3B858A75-9A7F-42C7-8574-ACAFD3EF9357}.Debug|x64.Build.0 = Debug|x64
		{3B858A75-9A7F-42C7-8574-ACAFD3EF9357}.Debug|x86.ActiveCfg = Debug|Win32
		{3B858A75-9A7F-42C7-8574-ACAFD3EF9357}.Debug|x86.Build.0 = Debug|Win32
		{3B858A75-9A7F-42C7-8574-ACAFD3EF9357}.Release|x64.ActiveCfg = Release|x64
		{3B858A75-9A7F-42C7-8574-ACAFD3EF9357}.Release|x64.Build.0 = Release|x64
		{3B858A75-9A7F-42C7-8574-ACAFD3EF9357}.Release|x86.ActiveCfg = Release|Win32
		{3B858A75-9A7F-42C7-8574-ACAFD3EF9357}.Release|x86.Build.0 = Release|Win32
		{878AB1B6-8937-4381-9B0F-515C6BD0B5A8}.Debug|x64.ActiveCfg = Debug|x64
		{878AB1B6-8937-4381-9B0F-515C6BD0B5A8}.Debug|x64.Build.0 = Debug|x64
		{878AB1B6-8937-4381-9B0F-515C6BD0B5A8}.Debug|x86.ActiveCfg = Debug|Win32
		{878AB1B6-8937-4381-9B0F-515C6BD0B5A8}.Debug|x86.Build.0 = Debug|Win32
		{878AB1B6-8937-4381-9B0F-515C6BD0B5A8}.Release|x64.ActiveCfg = Release|x64
		{878AB1B6-8937-4381-9B0F-515C6BD0B5A8}.Release|x64.Build.0 = Release|x64
		{878AB1B6-8937-4381-9B0F-515C6BD0B5A8}.Release|x86.ActiveCfg = Release|Win32
		{878AB1B6-8937-4381-9B0F-515C6BD0B5A8}.Release|x86.Build.0 = Release|Win32
		{23EFDB2F-BA6B-4AFF-83EB-39B639BD5AA1}.Debug|x64.ActiveCfg = Debug|x64
		{23EFDB2F-BA6B-4AFF-83EB-39B639BD5AA1}.Debug|x64.Build.0 = Debug|x64
		{23EFDB2F-BA6B-4AFF-83EB-39B639BD5AA1}.Debug|x86.ActiveCfg = Debug|Win32
		{23EFDB2F-BA6B-4AFF-83EB-39B639BD5AA1}.Debug|x86.Build.0 = Debug|Win32
		{23EFDB2F-BA6B-4AFF-83EB-39B639BD5AA1}.Release|x64.ActiveCfg = Release|x64
		{23EFDB2F-BA6B-4AFF-83EB-39B639BD5AA1}.Release|x64.Build.0 = Release|x64
		{23EFDB2F-BA6B-4AFF-83EB-39B639BD5AA1}.Release|x86.ActiveCfg = Release|Win32
		{23EFDB2F-BA6B-4AFF-83EB-39B639BD5AA1}.Release|x86.Build.0 = Release|Win32
		{AE49112D-1314-4077-9FF2-1D3DA407E76F}.Debug|x64.ActiveCfg = Debug|x64
		{AE49112D-1314-4077-9FF2-1D3DA407E76F}.Debug|x64.Build.0 = Debug|x64
		{AE49112D-1314-4077-9FF2-1D3DA407E76F}.Debug|x86.ActiveCfg = Debug|Win32
		{AE49112D-1314-4077-9FF2-1D3DA407E76F}.Debug|x86.Build.0 = Debug|Win32
		{AE49112D-1314-4077-9FF2-1D3DA407E76F}.Release|x64.ActiveCfg = Release|x64
		{AE49112D-1314-4077-9FF2-1D3DA407E76F}.Release|x64.Build.0 = Release|x64
		{AE49112D-1314-4077-9FF2-1D3DA407E76F}.Release|x86.ActiveCfg = Release|Win32
		{AE49112D-1314-4077-9FF2-1D3DA407E76F}.Release|x86.Build.0 = Release|Win32
		{FF4488B6-57B0-4994-81D3-1A4D9C8A34DD}.Debug|x64.ActiveCfg = Debug|x64
		{FF4488B6-57B0-4994-81D3-1A4D9C8A34DD}.Debug|x64.Build.0 = Debug|x64
		{FF4488B6-57B0-4994-81D3-1A4D9C8A34DD}.Debug|x86.ActiveCfg = Debug|Win32
		{FF4488B6-57B0-4994-81D3-1A4D9C8A34DD}.Debug|x86.Build.0 = Debug|Win32
		{FF4488B6-57B0-4994-81D3-1A4D9C8A34DD}.Release|x64.ActiveCfg = Release|x64
		{FF4488B6-57B0-4994-81D3-1A4D9C8A34DD}.Release|x64.Build.0 = Release|x64
		{FF4488B6-57B0-4994-81D3-1A4D9C8A34DD}.Release|x86.ActiveCfg = Release|Win32
		{FF4488B6-57B0-4994-81D3-1A4D9C8A34DD}.Release|x86.Build.0 = Release|Win32
		{B8A9EA47-57DE-462A-8EEC-F9CB634F10BC}.Debug|x64.ActiveCfg = Debug|x64
		{B8A9EA47-57DE-462A-8EEC-F9CB634F10BC}.Debug|x64.Build.0 = Debug|x64
		{B8A9EA47-57DE-462A-8EEC-F9CB634F10BC}.Debug|x86.ActiveCfg = Debug|Win32
		{B8A9EA47-57DE-462A-8EEC-F9CB634F10BC}.Debug|x86.Build.0 = Debug|Win32
		{B8A9EA47-57DE-462A-8EEC-F9CB634F10BC}.Release|x64.ActiveCfg = Release|x64
		{B8A9EA47-57DE-462A-8EEC-F9CB634F10BC}.Release|x64.Build.0 = Release|x64
		{B8A9EA47-57DE-462A-8EEC-F9CB634F10BC}.Release|x86.ActiveCfg = Release|Win32
		{B8A9EA47-57DE-462A-8EEC-F9CB634F10BC}.Release|x86.Build.0 = Release|Win32
		{5A3877A5-F815-4566-9EA0-7264E5C912FE}.Debug|x64.ActiveCfg = Debug|x64
		{5A3877A5-F815-4566-9EA0-7264E5C912FE}.Debug|x64.Build.0 = Debug|x64
		{5A3877A5-F815-4566-9EA0-7264E5C912FE}.Debug|x86.ActiveCfg = Debug|Win32
		{5A3877A5-F815-4566-9EA0-7264E5C912FE}.Debug|x86.Build.0 = Debug|Win32
		{5A3877A5-F815-4566-9EA0-7264E5C912FE}.Release|x64.ActiveCfg = Release|x64
		{5A3877A5-F815-4566-9EA0-7264E5C912FE}.Release|x64.Build.0 = Release|x64
		{5A3877A5-F815-4566-9EA0-7264E5C912FE}.Release|x86.ActiveCfg = Release|Win32
		{5A3877A5-F815-4566-9EA0-7264E5C912FE}.Release|x86.Build.0 = Release|Win32
		{6D0A67D0-5160-4952-9C5F-336D44D19E56}.Debug|x64.ActiveCfg = Debug|x64
		{6D0A67D0-5160-4952-9C5F-336D44D19E56}.Debug|x64.Build.0 = Debug|x64
		{6D0A67D0-5160-4952-9C5F-336D44D19E56}.Debug|x86.ActiveCfg = Debug|Win32
		{6D0A67D0-5160-4952-9C5F-336D44D19E56}.Debug|x86.Build.0 = Debug|Win32
		{6D0A67D0-5160-4952-9C5F-336D44D19E56}.Release|x64.ActiveCfg = Release|x64
		{6D0A67D0-5160-4952-9C5F-336D44D19E56}.Release|x64.Build.0 = Release|x64
		{6D0A67D0-5160-4952-9C5F-336D44D19E56}.Release|x86.ActiveCfg = Release|Win32
		{6D0A67D0-5160-4952-9C5F-336D44D19E56}.Release|x86.Build.0 = Release|Win32
		{C7A15490-B9AC-4607-90C8-2C45BF6EEFC1}.Debug|x64.ActiveCfg = Debug|x64
		{C7A15490-B9AC-4607-90C8-2C45BF6EEFC1}.Debug|x64.Build.0 = Debug|x64
		{C7A15490-B9AC-4607-90C8-2C45BF6EEFC1}.Debug|x86.ActiveCfg = Debug|Win32
		{C7A15490-B9AC-4607-90C8-2C45BF6EEFC1}.Debug|x86.Build.0 = Debug|Win32
		{C7A15490-B9AC-4607-90C8-2C45BF6EEFC1}.Release|x64.ActiveCfg = Release|x64
		{C7A15490-B9AC-4607-90C8-2C45BF6EEFC1}.Release|x64.Build.0 = Release|x64
		{C7A15490-B9AC-4607-90C8-2C45BF6EEFC1}.Release|x86.ActiveCfg = Release|Win32
		{C7A15490-B9AC-4607-90C8-2C45BF6EEFC1}.Release|x86.Build.0 = Release|Win32
		{27D81732-33C6-4297-8DFF-98E90B58FACA}.Debug|x64.ActiveCfg = Debug|x64
		{27D81732-33C6-4297-8DFF-98E90B58FACA}.Debug|x64.Build.0 = Debug|x64
		{27D81732-33C6-4297-8DFF-98E90B58FACA}.Debug|x86.ActiveCfg = Debug|Win32
		{27D81732-33C6-4297-8DFF-98E90B58FACA}.Debug|x86.Build.0 = Debug|Win32
		{27D81732-33C6-4297-8DFF-98E90B58FACA}.Release|x64.ActiveCfg = Release|x64
		{27D81732-33C6-4297-8DFF-98E90B58FACA}.Release|x64.Build.0 = Release|x64
		{27D81732-33C6-4297-8DFF-98E90B58FACA}.Release|x86.ActiveCfg = Release|Win32
		{27D81732-33C6-4297-8DFF-98E90B58FACA}.Release|x86.Build.0 = Release|Win32
		{B7E11A94-CAA5-4CC5-8A0C-066B3CD22873}.Debug|x64.ActiveCfg = Debug|x64
		{B7E11A94-CAA5-4CC5-8A0C-066B3CD22873}.Debug|x64.Build.0 = Debug|x64
		{B7E11A94-CAA5-4CC5-8A0C-066B3CD22873}.Debug|x86.ActiveCfg = Debug|Win32
		{B7E11A94-CAA5-4CC5-8A0C-066B3CD22873}.Debug|x86.Build.0 = Debug|Win32
		{B7E11A94-CAA5-4CC5-8A0C-066B3CD22873}.Release|x64.ActiveCfg = Release|x64
		{B7E11A94-CAA5-4CC5-8A0C-066B3CD22873}.Release|x64.Build.0 = Release|x64
		{B7E11A94-CAA5-4CC5-8A0C-066B3CD22873}.Release|x86.ActiveCfg = Release|Win32
		{B7E11A94-CAA5-4CC5-8A0C-066B3CD22873}.Release|x86.Build.0 = Release|Win32
		{5644AAE8-5D90-4D1B-86A2-7BEAF7363F0D}.Debug|x64.ActiveCfg = Debug|x64
		{5644AAE8-5D90-4D1B-86A2-7BEAF7363F0D}.Debug|x64.Build.0 = Debug|x64
		{5644AAE8-5D90-4D1B-86A2-7BEAF7363F0D}.Debug|x86.ActiveCfg = Debug|Win32
		{5644AAE8-5D90-4D1B-86A2-7BEAF7363F0D}.Debug|x86.Build.0 = Debug|Win32
		{5644AAE8-5D90-4D1B-86A2-7BEAF7363F0D}.Release|x64.ActiveCfg = Release|x64
		{5644AAE8-5D90-4D1B-86A2-7BEAF7363F0D}.Release|x64.Build.0 = Release|x64
		{5644AAE8-5D90-4D1B-86A2-7BEAF7363F0D}.Release|x86.ActiveCfg = Release|Win32
		{5644AAE8-5D90-4D1B-86A2-7BEAF7363F0D}.Release|x86.Build.0 = Release|Win32
		{D9390B33-A388-4DF7-ADFC-57F99F9C50AB}.Debug|x64.ActiveCfg = Debug|x64
		{D9390B33-A388-4DF7-ADFC-57F99F9C50AB}.Debug|x64.Build.0 = Debug|x64
		{D9390B33-A388-4DF7-ADFC-57F99F9C50AB}.Debug|x86.ActiveCfg = Debug|Win32
		{D9390B33-A388-4DF7-ADFC-57F99F9C50AB}.Debug|x86.Build.0 = Debug|Win32
		{D9390B33-A388-4DF7-ADFC-57F99F9C50AB}.Release|x64.ActiveCfg = Release|x64
		{D9390B33-A388-4DF7-ADFC-57F99F9C50AB}.Release|x64.Build.0 = Release|x64
		{D9390B33-A388-4DF7-ADFC-57F99F9C50AB}.Release|x86.ActiveCfg = Release|Win32
		{D9390B33-A388-4DF7-ADFC-57F99F9C50AB}.Release|x86.Build.0 = Release|Win32
		{40781ECA-027A-4CD9-9DEB-B5CF9B7EAFA5}.Debug|x64.ActiveCfg = Debug|x64
		{40781ECA-027A-4CD9-9DEB-B5CF9B7EAFA5}.Debug|x64.Build.0 = Debug|x64
		{40781ECA-027A-4CD9-9DEB-B5CF9B7EAFA5}.Debug|x86.ActiveCfg = Debug|Win32
		{40781ECA-027A-4CD9-9DEB-B5CF9B7EAFA5}.Debug|x86.Build.0 = Debug|Win32
		{40781ECA-027A-4CD9-9DEB-B5CF9B7EAFA5}.Release|x64.ActiveCfg = Release|x64
		{40781ECA-027A-4CD9-9DEB-B5CF9B7EAFA5}.Release|x64.Build.0 = Release|x64
		{40781ECA-027A-4CD9-9DEB-B5CF9B7EAFA5}.Release|x86.ActiveCfg = Release|Win32
		{40781ECA-027A-4CD9-9DEB-B5CF9B7EAFA5}.Release|x86.Build.0 = Release|Win32
		{BECC77A9-37B1-4C52-9427-EC9EC79272FE}.Debug|x64.ActiveCfg = Debug|x64
		{BECC77A9-37B1-4C52-9427-EC9EC79272FE}.Debug|x64.Build.0 = Debug|x64
		{BECC77A9-37B1-4C52-9427-EC9EC79272FE}.Debug|x86.ActiveCfg = Debug|Win32
		{BECC77A9-37B1-4C52-9427-EC9EC79272FE}.Debug|x86.Build.0 = Debug|Win32
		{BECC77A9-37B1-4C52-9427-EC9EC79272FE}.Release|x64.ActiveCfg = Release|x64
		{BECC77A9-37B1-4C52-9427-EC9EC79272FE}.Release|x64.Build.0 = Release|x64
		{BECC77A9-37B1-4C52-9427-EC9EC79272FE}.Release|x86.ActiveCfg = Release|Win32
		{BECC77A9-37B1-4C52-9427-EC9EC79272FE}.Release|x86.Build.0 = Release|Win32
	EndGlobalSection
	GlobalSection(SolutionProperties) = preSolution
		HideSolutionNode = FALSE
	EndGlobalSection
	GlobalSection(ExtensibilityGlobals) = postSolution
		SolutionGuid = {D631CA8F-6A53-4C2C-9208-17B76C42C69A}
	EndGlobalSection
EndGlobal
